// !$*UTF8*$!
{
	archiveVersion = 1;
	classes = {
	};
	objectVersion = 46;
	objects = {
/* Begin PBXBuildFile section */
		1D3623260D0F684500981E51 /* AppDelegate.m in Sources */ = {isa = PBXBuildFile; fileRef = 1D3623250D0F684500981E51 /* AppDelegate.m */; };
		1D60589B0D05DD56006BFB54 /* main.m in Sources */ = {isa = PBXBuildFile; fileRef = 29B97316FDCFA39411CA2CEA /* main.m */; };
		301BF552109A68D80062928A /* libCordova.a in Frameworks */ = {isa = PBXBuildFile; fileRef = 301BF535109A57CC0062928A /* libCordova.a */; };
		302D95F114D2391D003F00A1 /* MainViewController.m in Sources */ = {isa = PBXBuildFile; fileRef = 302D95EF14D2391D003F00A1 /* MainViewController.m */; };
		302D95F214D2391D003F00A1 /* MainViewController.xib in Resources */ = {isa = PBXBuildFile; fileRef = 302D95F014D2391D003F00A1 /* MainViewController.xib */; };
		3047A5121AB8059700498E2A /* build-debug.xcconfig in Resources */ = {isa = PBXBuildFile; fileRef = 3047A50F1AB8059700498E2A /* build-debug.xcconfig */; };
		3047A5131AB8059700498E2A /* build-release.xcconfig in Resources */ = {isa = PBXBuildFile; fileRef = 3047A5101AB8059700498E2A /* build-release.xcconfig */; };
		3047A5141AB8059700498E2A /* build.xcconfig in Resources */ = {isa = PBXBuildFile; fileRef = 3047A5111AB8059700498E2A /* build.xcconfig */; };
		6AFF5BF91D6E424B00AB3073 /* CDVLaunchScreen.storyboard in Resources */ = {isa = PBXBuildFile; fileRef = 6AFF5BF81D6E424B00AB3073 /* CDVLaunchScreen.storyboard */; };
		0FFB100CF51947E89D196975 /* Default-568h@2x.png in Resources */ = {isa = PBXBuildFile; fileRef = 4E662B5A0F5F4F62838E551A /* Default-568h@2x.png */; };
		9DA9E71EBB2E4B54A087A12B /* Default-667h.png in Resources */ = {isa = PBXBuildFile; fileRef = ED406E8326C24DE4820AC620 /* Default-667h.png */; };
		6228EAE22C794AE9804077C1 /* Default-736h.png in Resources */ = {isa = PBXBuildFile; fileRef = 3FEC51EAE5BF468BBBD434FB /* Default-736h.png */; };
		9498196943B5439888A6FA46 /* Default-Landscape-1366@2x.png in Resources */ = {isa = PBXBuildFile; fileRef = 080BCECC3DD0483BBCE368C1 /* Default-Landscape-1366@2x.png */; };
		1AD75848FEC14D08A9307FB6 /* Default-Landscape-667h.png in Resources */ = {isa = PBXBuildFile; fileRef = 7874527D71074BC1B93408E5 /* Default-Landscape-667h.png */; };
		728A90A76AB14A92B45F633E /* Default-Landscape-736h.png in Resources */ = {isa = PBXBuildFile; fileRef = ED15C6B5AACA4B13A8664A37 /* Default-Landscape-736h.png */; };
		10C42C0BB7B243A18B18B99D /* Default-Landscape.png in Resources */ = {isa = PBXBuildFile; fileRef = E4E846F47BDE41AA873A3CBD /* Default-Landscape.png */; };
		AD06B968F33E439E8019279C /* Default-Landscape@2x.png in Resources */ = {isa = PBXBuildFile; fileRef = EB1529433B644D29AE3DFFEC /* Default-Landscape@2x.png */; };
		42A1952D6D944D69BD395604 /* Default-Portrait-1366@2x.png in Resources */ = {isa = PBXBuildFile; fileRef = 44843D3EB7F84BC3BA3CF13E /* Default-Portrait-1366@2x.png */; };
		006E80FDB2A042F08F724EA8 /* Default-Portrait.png in Resources */ = {isa = PBXBuildFile; fileRef = 4FB0DEEA4E3E4CB9B5049C16 /* Default-Portrait.png */; };
		C9CF842C09924520BD6B543D /* Default-Portrait@2x.png in Resources */ = {isa = PBXBuildFile; fileRef = 959EFF5CE85545B1BF4D62BE /* Default-Portrait@2x.png */; };
		885A6DBD7EEE470ABBA79B47 /* Default.png in Resources */ = {isa = PBXBuildFile; fileRef = E282B2245FDC4D69938A9BDD /* Default.png */; };
		8F77938DEB2C42A09BD47962 /* Default@2x.png in Resources */ = {isa = PBXBuildFile; fileRef = B8C01EFBEF1A4308B28D2A31 /* Default@2x.png */; };
		46A640B02E1F40CF9FF0544E /* icon-40.png in Resources */ = {isa = PBXBuildFile; fileRef = 9519BDB7539944F5ACE114C5 /* icon-40.png */; };
		3A0DFB0EFC4E4196946DC95C /* icon-40@2x.png in Resources */ = {isa = PBXBuildFile; fileRef = 8DF1ED3336454B5EA2B51A34 /* icon-40@2x.png */; };
		FE82C59EAADA4796A4B5AFB7 /* Icon-40@3x.png in Resources */ = {isa = PBXBuildFile; fileRef = 2EB04E1718804C35A992B218 /* Icon-40@3x.png */; };
		4A137434AEDA48F8BDD20C8D /* icon-60.png in Resources */ = {isa = PBXBuildFile; fileRef = 8FE535EE310A48449DDBE3C2 /* icon-60.png */; };
		47FA06579B934653938E3B66 /* icon-60@2x.png in Resources */ = {isa = PBXBuildFile; fileRef = 71DDCDBEB4A14E55B8244034 /* icon-60@2x.png */; };
		17CCF7DF964F49A4BC8D8005 /* Icon-60@3x.png in Resources */ = {isa = PBXBuildFile; fileRef = 3153921DB18B4E9DA0EAB916 /* Icon-60@3x.png */; };
		DE6DE04807FF4B7EB1BD1C73 /* icon-72.png in Resources */ = {isa = PBXBuildFile; fileRef = D8A5F52BA64643CFB35548C9 /* icon-72.png */; };
		967360C652734451895A700B /* icon-72@2x.png in Resources */ = {isa = PBXBuildFile; fileRef = 0E5B8B7915934A9DAAE72B0A /* icon-72@2x.png */; };
		FCAB4D78FCB749C8891DF6DC /* icon-76.png in Resources */ = {isa = PBXBuildFile; fileRef = BAC7110E284148CBB44D546A /* icon-76.png */; };
		E7ADC8DDDF20482DAF6B37C7 /* icon-76@2x.png in Resources */ = {isa = PBXBuildFile; fileRef = 92434DF7A0024727A921BFEB /* icon-76@2x.png */; };
		E5E866A95E2D4AC88770ABDC /* icon-83.5@2x.png in Resources */ = {isa = PBXBuildFile; fileRef = 114E3ABDBFDD4757A04DCDAD /* icon-83.5@2x.png */; };
		56F1D72BC70746C7BEB9C17E /* Icon-Small-50.png in Resources */ = {isa = PBXBuildFile; fileRef = C6EC7C2F2D7D450598F14B92 /* Icon-Small-50.png */; };
		376339C9DDBE4FE5813FE716 /* Icon-Small-50@2x.png in Resources */ = {isa = PBXBuildFile; fileRef = 34416C4387224F2C933BB344 /* Icon-Small-50@2x.png */; };
		81EFDCE5D0E2472C8887D8C3 /* Icon-Small.png in Resources */ = {isa = PBXBuildFile; fileRef = B4371E83E1544FE7AB4E4C40 /* Icon-Small.png */; };
		8B3D3FA59E6441AD94A0F7D9 /* Icon-Small@2x.png in Resources */ = {isa = PBXBuildFile; fileRef = 862562EED50F4E1D8ED6B686 /* Icon-Small@2x.png */; };
		7302B9968637459391E348B0 /* icon.png in Resources */ = {isa = PBXBuildFile; fileRef = C62B98A9A89943979CF5DE21 /* icon.png */; };
		E3E7483776064CEAAE16077F /* icon@2x.png in Resources */ = {isa = PBXBuildFile; fileRef = C692CA2706654597BAEAABBB /* icon@2x.png */; };
		4CFEAA61FAC84C8D992265F6 /* watch-172x172.png in Resources */ = {isa = PBXBuildFile; fileRef = 15B44B1B55674652B83E7C8C /* watch-172x172.png */; };
		C2F465F7585A4A049FEAEF63 /* watch-196x196.png in Resources */ = {isa = PBXBuildFile; fileRef = C0BC13EC0E9D4866B92B08F0 /* watch-196x196.png */; };
		0D4E46E6ED2D4570984C3D71 /* watch-48x48.png in Resources */ = {isa = PBXBuildFile; fileRef = CA97B72AAB3C45D09C643B5D /* watch-48x48.png */; };
		44EE6DE0DA104653AB337C56 /* watch-55x55.png in Resources */ = {isa = PBXBuildFile; fileRef = 264FC656A62C476A9F87FA63 /* watch-55x55.png */; };
		B8C0CA0F48DE4210AC8B9D08 /* watch-58x58.png in Resources */ = {isa = PBXBuildFile; fileRef = ACA0D088ED4D4389BE831426 /* watch-58x58.png */; };
		6C674003097F4499A6D49914 /* watch-80x80.png in Resources */ = {isa = PBXBuildFile; fileRef = F1456022A5D845B5B74E5AD0 /* watch-80x80.png */; };
		A653591144A942D1831B4374 /* watch-87x87.png in Resources */ = {isa = PBXBuildFile; fileRef = 5F108041E7554EA9BC480E9C /* watch-87x87.png */; };
		B3200C9F5C064620AF14E924 /* watch-88x88.png in Resources */ = {isa = PBXBuildFile; fileRef = 9A8E1FD6BA174DF9B031DC5F /* watch-88x88.png */; };
		E100077EBD26486DAFC26791 /* AppVersion.m in Sources */ = {isa = PBXBuildFile; fileRef = D3C51AE52F6049A1B6C831DF /* AppVersion.m */; };
		4591CC6B76E54B569BCFDBAD /* EqatecAnalyticsPlugin.mm in Resources */ = {isa = PBXBuildFile; fileRef = 5FFE8F4CB75D46E781B1A37D /* EqatecAnalyticsPlugin.mm */; };
		192C5A201CA04256A1CAFF41 /* libEQATECAnalyticsMonitoriOS.a in Frameworks */ = {isa = PBXBuildFile; fileRef = 537CD2F30D3142D191B92768 /* libEQATECAnalyticsMonitoriOS.a */; };
		1DD838D2CAA04AA58D1B5E18 /* libc++.dylib in Frameworks */ = {isa = PBXBuildFile; fileRef = 9B58530164E0490C985A71D9 /* libc++.dylib */; };
		8542D809783B44D4BD30CF24 /* CDVFile.m in Sources */ = {isa = PBXBuildFile; fileRef = 694F96413AFA4B66AABCD6F4 /* CDVFile.m */; };
		558DB449F4464B0C821BE64F /* CDVLocalFilesystem.m in Sources */ = {isa = PBXBuildFile; fileRef = 7AD559B5C192410FAF4D756B /* CDVLocalFilesystem.m */; };
		787A1B64E40842ED9F8A1652 /* CDVAssetLibraryFilesystem.m in Sources */ = {isa = PBXBuildFile; fileRef = 9E28337BF09D4676BA18EE66 /* CDVAssetLibraryFilesystem.m */; };
		F04BAF7D524F4CEDAF6C2BCA /* CDVFileTransfer.m in Sources */ = {isa = PBXBuildFile; fileRef = D77A30D5C1CE4CF3AE2C9D0A /* CDVFileTransfer.m */; };
		A53AFD9B5BC243FE9AC7465C /* CDVInAppBrowser.m in Sources */ = {isa = PBXBuildFile; fileRef = 9DD1642C3AED426EA43A5FB7 /* CDVInAppBrowser.m */; };
		0F8746B6B01D42E6A79EC388 /* CDVConnection.m in Sources */ = {isa = PBXBuildFile; fileRef = 577852CC403A4F5FB0E8F107 /* CDVConnection.m */; };
		9A9B8C8CCF3A4CB1B1C8D0FD /* CDVReachability.m in Sources */ = {isa = PBXBuildFile; fileRef = 3FD7CB82F0D1444FB9DF7F29 /* CDVReachability.m */; };
		27D7F04F29DB48C6A3DDCD45 /* SystemConfiguration.framework in Frameworks */ = {isa = PBXBuildFile; fileRef = 168ABBB9A7534619981C56B7 /* SystemConfiguration.framework */; settings = {ATTRIBUTES = (Weak, ); }; };
		EFEE43A091A543D6AAB22084 /* CoreTelephony.framework in Frameworks */ = {isa = PBXBuildFile; fileRef = B5CB5570284D43928C90F8C6 /* CoreTelephony.framework */; };
		EF3445AC92AD4B5AA527BEDB /* CDVSplashScreen.m in Sources */ = {isa = PBXBuildFile; fileRef = 018C7FBCEEEF425CAFD29EC8 /* CDVSplashScreen.m */; };
		4DE4B3648D844D258ACE5347 /* CDVViewController+SplashScreen.m in Sources */ = {isa = PBXBuildFile; fileRef = 30FBBF625CDA4A049A69979A /* CDVViewController+SplashScreen.m */; };
		246974662787415AA05214D0 /* CDVStatusBar.m in Sources */ = {isa = PBXBuildFile; fileRef = 8DBCF472538B48E7BFCA82CF /* CDVStatusBar.m */; };
		073AD4C50B254A999933A377 /* CDVVibration.m in Sources */ = {isa = PBXBuildFile; fileRef = 611D626E1A82463A9D7C6921 /* CDVVibration.m */; };
		8F2E77D14DBD466F8B196492 /* AudioToolbox.framework in Frameworks */ = {isa = PBXBuildFile; fileRef = 1352C3DC10DE4B0FA414D52F /* AudioToolbox.framework */; settings = {ATTRIBUTES = (Weak, ); }; };
		092BE874020342A3AD292DE3 /* CDVDevice.m in Sources */ = {isa = PBXBuildFile; fileRef = F38D852CFEEF403FA332C92F /* CDVDevice.m */; };
		6528276F625C4B868E0FAAF5 /* libz.tbd in Frameworks */ = {isa = PBXBuildFile; fileRef = 5036338089B844F3B3549857 /* libz.tbd */; };
		58928BF67B1F4A31B285CDDD /* CDVGlobalization.m in Sources */ = {isa = PBXBuildFile; fileRef = D19CF1458A0E4D198E8E5507 /* CDVGlobalization.m */; };
		9DCCB66C2D1C411AB9702D09 /* AppDelegate+notification.m in Sources */ = {isa = PBXBuildFile; fileRef = B74EF08822454AA99A92B0E9 /* AppDelegate+notification.m */; };
		68AB7BE982DF4C1FAA2A7AEC /* PushPlugin.m in Sources */ = {isa = PBXBuildFile; fileRef = D17AE8FDA9BD4E71B9011E12 /* PushPlugin.m */; };
		057B9AB3C6254141AB128729 /* NSString+URLEncoding.m in Sources */ = {isa = PBXBuildFile; fileRef = 4ECDD7B0C50243A0B195AE37 /* NSString+URLEncoding.m */; };
		70D78C05543142478F9582B2 /* SocialSharing.m in Sources */ = {isa = PBXBuildFile; fileRef = F16FF004B4A149C682E83AFD /* SocialSharing.m */; };
		C1BF6870270C4BC5950F7C6C /* Social.framework in Frameworks */ = {isa = PBXBuildFile; fileRef = 3C016D63F09D4DE19DBF2FE9 /* Social.framework */; settings = {ATTRIBUTES = (Weak, ); }; };
		20AE5D8E72C54A8D97DDB6DC /* MessageUI.framework in Frameworks */ = {isa = PBXBuildFile; fileRef = E510A397C75C46A6A6912CBF /* MessageUI.framework */; settings = {ATTRIBUTES = (Weak, ); }; };
/* End PBXBuildFile section */

/* Begin PBXContainerItemProxy section */
		301BF534109A57CC0062928A /* PBXContainerItemProxy */ = {
			isa = PBXContainerItemProxy;
			containerPortal = 301BF52D109A57CC0062928A /* CordovaLib.xcodeproj */;
			proxyType = 2;
			remoteGlobalIDString = D2AAC07E0554694100DB518D;
			remoteInfo = CordovaLib;
		};
		301BF550109A68C00062928A /* PBXContainerItemProxy */ = {
			isa = PBXContainerItemProxy;
			containerPortal = 301BF52D109A57CC0062928A /* CordovaLib.xcodeproj */;
			proxyType = 1;
			remoteGlobalIDString = D2AAC07D0554694100DB518D;
			remoteInfo = CordovaLib;
		};
/* End PBXContainerItemProxy section */

/* Begin PBXFileReference section */
		1D3623240D0F684500981E51 /* AppDelegate.h */ = {isa = PBXFileReference; fileEncoding = 4; lastKnownFileType = sourcecode.c.h; path = AppDelegate.h; sourceTree = "<group>"; };
		1D3623250D0F684500981E51 /* AppDelegate.m */ = {isa = PBXFileReference; fileEncoding = 4; lastKnownFileType = sourcecode.c.objc; path = AppDelegate.m; sourceTree = "<group>"; };
		1D6058910D05DD3D006BFB54 /* commikodigitalpromosliege.app */ = {isa = PBXFileReference; explicitFileType = wrapper.application; includeInIndex = 0; path = "commikodigitalpromosliege.app"; sourceTree = BUILT_PRODUCTS_DIR; };
		29B97316FDCFA39411CA2CEA /* main.m */ = {isa = PBXFileReference; fileEncoding = 4; lastKnownFileType = sourcecode.c.objc; path = main.m; sourceTree = "<group>"; };
		301BF52D109A57CC0062928A /* CordovaLib.xcodeproj */ = {isa = PBXFileReference; lastKnownFileType = "wrapper.pb-project"; name = CordovaLib.xcodeproj; path = CordovaLib/CordovaLib.xcodeproj; sourceTree = "<group>"; };
		301BF56E109A69640062928A /* www */ = {isa = PBXFileReference; lastKnownFileType = folder; path = www; sourceTree = SOURCE_ROOT; };
		302D95EE14D2391D003F00A1 /* MainViewController.h */ = {isa = PBXFileReference; fileEncoding = 4; lastKnownFileType = sourcecode.c.h; path = MainViewController.h; sourceTree = "<group>"; };
		302D95EF14D2391D003F00A1 /* MainViewController.m */ = {isa = PBXFileReference; fileEncoding = 4; lastKnownFileType = sourcecode.c.objc; path = MainViewController.m; sourceTree = "<group>"; };
		302D95F014D2391D003F00A1 /* MainViewController.xib */ = {isa = PBXFileReference; fileEncoding = 4; lastKnownFileType = file.xib; path = MainViewController.xib; sourceTree = "<group>"; };
		3047A50F1AB8059700498E2A /* build-debug.xcconfig */ = {isa = PBXFileReference; fileEncoding = 4; lastKnownFileType = text.xcconfig; name = "build-debug.xcconfig"; path = cordova/build-debug.xcconfig; sourceTree = SOURCE_ROOT; };
		3047A5101AB8059700498E2A /* build-release.xcconfig */ = {isa = PBXFileReference; fileEncoding = 4; lastKnownFileType = text.xcconfig; name = "build-release.xcconfig"; path = cordova/build-release.xcconfig; sourceTree = SOURCE_ROOT; };
		3047A5111AB8059700498E2A /* build.xcconfig */ = {isa = PBXFileReference; fileEncoding = 4; lastKnownFileType = text.xcconfig; name = build.xcconfig; path = cordova/build.xcconfig; sourceTree = SOURCE_ROOT; };
		32CA4F630368D1EE00C91783 /* commikodigitalpromosliege-Prefix.pch */ = {isa = PBXFileReference; fileEncoding = 4; lastKnownFileType = sourcecode.c.h; path = "commikodigitalpromosliege-Prefix.pch"; sourceTree = "<group>"; };
		6AFF5BF81D6E424B00AB3073 /* CDVLaunchScreen.storyboard */ = {isa = PBXFileReference; fileEncoding = 4; lastKnownFileType = file.storyboard; name = CDVLaunchScreen.storyboard; path = "commikodigitalpromosliege/CDVLaunchScreen.storyboard"; sourceTree = SOURCE_ROOT; };
		8D1107310486CEB800E47090 /* commikodigitalpromosliege-Info.plist */ = {isa = PBXFileReference; fileEncoding = 4; lastKnownFileType = text.plist.xml; name = "commikodigitalpromosliege-Info.plist"; path = "commikodigitalpromosliege/commikodigitalpromosliege-Info.plist"; plistStructureDefinitionIdentifier = "com.apple.xcode.plist.structure-definition.iphone.info-plist"; sourceTree = SOURCE_ROOT; };
		EB87FDF31871DA8E0020F90C /* www */ = {isa = PBXFileReference; lastKnownFileType = folder; name = www; path = ../../www; sourceTree = "<group>"; };
		EB87FDF41871DAF40020F90C /* config.xml */ = {isa = PBXFileReference; lastKnownFileType = text.xml; name = config.xml; path = ../../config.xml; sourceTree = "<group>"; };
		F840E1F0165FE0F500CFE078 /* config.xml */ = {isa = PBXFileReference; lastKnownFileType = text.xml; name = config.xml; path = "commikodigitalpromosliege/config.xml"; sourceTree = "<group>"; };
		ED33DF2A687741AEAF9F8254 /* Bridging-Header.h */ = {isa = PBXFileReference; fileEncoding = 4; lastKnownFileType = sourcecode.c.h; name = "Bridging-Header.h"; path = "Bridging-Header.h"; sourceTree = "<group>"; };
		4E662B5A0F5F4F62838E551A /* Default-568h@2x.png */ = {isa = PBXFileReference; name = "Default-568h@2x.png"; path = "Default-568h@2x.png"; sourceTree = "<group>"; fileEncoding = undefined; lastKnownFileType = unknown; explicitFileType = undefined; includeInIndex = 0; };
		ED406E8326C24DE4820AC620 /* Default-667h.png */ = {isa = PBXFileReference; name = "Default-667h.png"; path = "Default-667h.png"; sourceTree = "<group>"; fileEncoding = undefined; lastKnownFileType = unknown; explicitFileType = undefined; includeInIndex = 0; };
		3FEC51EAE5BF468BBBD434FB /* Default-736h.png */ = {isa = PBXFileReference; name = "Default-736h.png"; path = "Default-736h.png"; sourceTree = "<group>"; fileEncoding = undefined; lastKnownFileType = unknown; explicitFileType = undefined; includeInIndex = 0; };
		080BCECC3DD0483BBCE368C1 /* Default-Landscape-1366@2x.png */ = {isa = PBXFileReference; name = "Default-Landscape-1366@2x.png"; path = "Default-Landscape-1366@2x.png"; sourceTree = "<group>"; fileEncoding = undefined; lastKnownFileType = unknown; explicitFileType = undefined; includeInIndex = 0; };
		7874527D71074BC1B93408E5 /* Default-Landscape-667h.png */ = {isa = PBXFileReference; name = "Default-Landscape-667h.png"; path = "Default-Landscape-667h.png"; sourceTree = "<group>"; fileEncoding = undefined; lastKnownFileType = unknown; explicitFileType = undefined; includeInIndex = 0; };
		ED15C6B5AACA4B13A8664A37 /* Default-Landscape-736h.png */ = {isa = PBXFileReference; name = "Default-Landscape-736h.png"; path = "Default-Landscape-736h.png"; sourceTree = "<group>"; fileEncoding = undefined; lastKnownFileType = unknown; explicitFileType = undefined; includeInIndex = 0; };
		E4E846F47BDE41AA873A3CBD /* Default-Landscape.png */ = {isa = PBXFileReference; name = "Default-Landscape.png"; path = "Default-Landscape.png"; sourceTree = "<group>"; fileEncoding = undefined; lastKnownFileType = unknown; explicitFileType = undefined; includeInIndex = 0; };
		EB1529433B644D29AE3DFFEC /* Default-Landscape@2x.png */ = {isa = PBXFileReference; name = "Default-Landscape@2x.png"; path = "Default-Landscape@2x.png"; sourceTree = "<group>"; fileEncoding = undefined; lastKnownFileType = unknown; explicitFileType = undefined; includeInIndex = 0; };
		44843D3EB7F84BC3BA3CF13E /* Default-Portrait-1366@2x.png */ = {isa = PBXFileReference; name = "Default-Portrait-1366@2x.png"; path = "Default-Portrait-1366@2x.png"; sourceTree = "<group>"; fileEncoding = undefined; lastKnownFileType = unknown; explicitFileType = undefined; includeInIndex = 0; };
		4FB0DEEA4E3E4CB9B5049C16 /* Default-Portrait.png */ = {isa = PBXFileReference; name = "Default-Portrait.png"; path = "Default-Portrait.png"; sourceTree = "<group>"; fileEncoding = undefined; lastKnownFileType = unknown; explicitFileType = undefined; includeInIndex = 0; };
		959EFF5CE85545B1BF4D62BE /* Default-Portrait@2x.png */ = {isa = PBXFileReference; name = "Default-Portrait@2x.png"; path = "Default-Portrait@2x.png"; sourceTree = "<group>"; fileEncoding = undefined; lastKnownFileType = unknown; explicitFileType = undefined; includeInIndex = 0; };
		E282B2245FDC4D69938A9BDD /* Default.png */ = {isa = PBXFileReference; name = "Default.png"; path = "Default.png"; sourceTree = "<group>"; fileEncoding = undefined; lastKnownFileType = unknown; explicitFileType = undefined; includeInIndex = 0; };
		B8C01EFBEF1A4308B28D2A31 /* Default@2x.png */ = {isa = PBXFileReference; name = "Default@2x.png"; path = "Default@2x.png"; sourceTree = "<group>"; fileEncoding = undefined; lastKnownFileType = unknown; explicitFileType = undefined; includeInIndex = 0; };
		9519BDB7539944F5ACE114C5 /* icon-40.png */ = {isa = PBXFileReference; name = "icon-40.png"; path = "icon-40.png"; sourceTree = "<group>"; fileEncoding = undefined; lastKnownFileType = unknown; explicitFileType = undefined; includeInIndex = 0; };
		8DF1ED3336454B5EA2B51A34 /* icon-40@2x.png */ = {isa = PBXFileReference; name = "icon-40@2x.png"; path = "icon-40@2x.png"; sourceTree = "<group>"; fileEncoding = undefined; lastKnownFileType = unknown; explicitFileType = undefined; includeInIndex = 0; };
		2EB04E1718804C35A992B218 /* Icon-40@3x.png */ = {isa = PBXFileReference; name = "Icon-40@3x.png"; path = "Icon-40@3x.png"; sourceTree = "<group>"; fileEncoding = undefined; lastKnownFileType = unknown; explicitFileType = undefined; includeInIndex = 0; };
		8FE535EE310A48449DDBE3C2 /* icon-60.png */ = {isa = PBXFileReference; name = "icon-60.png"; path = "icon-60.png"; sourceTree = "<group>"; fileEncoding = undefined; lastKnownFileType = unknown; explicitFileType = undefined; includeInIndex = 0; };
		71DDCDBEB4A14E55B8244034 /* icon-60@2x.png */ = {isa = PBXFileReference; name = "icon-60@2x.png"; path = "icon-60@2x.png"; sourceTree = "<group>"; fileEncoding = undefined; lastKnownFileType = unknown; explicitFileType = undefined; includeInIndex = 0; };
		3153921DB18B4E9DA0EAB916 /* Icon-60@3x.png */ = {isa = PBXFileReference; name = "Icon-60@3x.png"; path = "Icon-60@3x.png"; sourceTree = "<group>"; fileEncoding = undefined; lastKnownFileType = unknown; explicitFileType = undefined; includeInIndex = 0; };
		D8A5F52BA64643CFB35548C9 /* icon-72.png */ = {isa = PBXFileReference; name = "icon-72.png"; path = "icon-72.png"; sourceTree = "<group>"; fileEncoding = undefined; lastKnownFileType = unknown; explicitFileType = undefined; includeInIndex = 0; };
		0E5B8B7915934A9DAAE72B0A /* icon-72@2x.png */ = {isa = PBXFileReference; name = "icon-72@2x.png"; path = "icon-72@2x.png"; sourceTree = "<group>"; fileEncoding = undefined; lastKnownFileType = unknown; explicitFileType = undefined; includeInIndex = 0; };
		BAC7110E284148CBB44D546A /* icon-76.png */ = {isa = PBXFileReference; name = "icon-76.png"; path = "icon-76.png"; sourceTree = "<group>"; fileEncoding = undefined; lastKnownFileType = unknown; explicitFileType = undefined; includeInIndex = 0; };
		92434DF7A0024727A921BFEB /* icon-76@2x.png */ = {isa = PBXFileReference; name = "icon-76@2x.png"; path = "icon-76@2x.png"; sourceTree = "<group>"; fileEncoding = undefined; lastKnownFileType = unknown; explicitFileType = undefined; includeInIndex = 0; };
		114E3ABDBFDD4757A04DCDAD /* icon-83.5@2x.png */ = {isa = PBXFileReference; name = "icon-83.5@2x.png"; path = "icon-83.5@2x.png"; sourceTree = "<group>"; fileEncoding = undefined; lastKnownFileType = unknown; explicitFileType = undefined; includeInIndex = 0; };
		C6EC7C2F2D7D450598F14B92 /* Icon-Small-50.png */ = {isa = PBXFileReference; name = "Icon-Small-50.png"; path = "Icon-Small-50.png"; sourceTree = "<group>"; fileEncoding = undefined; lastKnownFileType = unknown; explicitFileType = undefined; includeInIndex = 0; };
		34416C4387224F2C933BB344 /* Icon-Small-50@2x.png */ = {isa = PBXFileReference; name = "Icon-Small-50@2x.png"; path = "Icon-Small-50@2x.png"; sourceTree = "<group>"; fileEncoding = undefined; lastKnownFileType = unknown; explicitFileType = undefined; includeInIndex = 0; };
		B4371E83E1544FE7AB4E4C40 /* Icon-Small.png */ = {isa = PBXFileReference; name = "Icon-Small.png"; path = "Icon-Small.png"; sourceTree = "<group>"; fileEncoding = undefined; lastKnownFileType = unknown; explicitFileType = undefined; includeInIndex = 0; };
		862562EED50F4E1D8ED6B686 /* Icon-Small@2x.png */ = {isa = PBXFileReference; name = "Icon-Small@2x.png"; path = "Icon-Small@2x.png"; sourceTree = "<group>"; fileEncoding = undefined; lastKnownFileType = unknown; explicitFileType = undefined; includeInIndex = 0; };
		C62B98A9A89943979CF5DE21 /* icon.png */ = {isa = PBXFileReference; name = "icon.png"; path = "icon.png"; sourceTree = "<group>"; fileEncoding = undefined; lastKnownFileType = unknown; explicitFileType = undefined; includeInIndex = 0; };
		C692CA2706654597BAEAABBB /* icon@2x.png */ = {isa = PBXFileReference; name = "icon@2x.png"; path = "icon@2x.png"; sourceTree = "<group>"; fileEncoding = undefined; lastKnownFileType = unknown; explicitFileType = undefined; includeInIndex = 0; };
		15B44B1B55674652B83E7C8C /* watch-172x172.png */ = {isa = PBXFileReference; name = "watch-172x172.png"; path = "watch-172x172.png"; sourceTree = "<group>"; fileEncoding = undefined; lastKnownFileType = unknown; explicitFileType = undefined; includeInIndex = 0; };
		C0BC13EC0E9D4866B92B08F0 /* watch-196x196.png */ = {isa = PBXFileReference; name = "watch-196x196.png"; path = "watch-196x196.png"; sourceTree = "<group>"; fileEncoding = undefined; lastKnownFileType = unknown; explicitFileType = undefined; includeInIndex = 0; };
		CA97B72AAB3C45D09C643B5D /* watch-48x48.png */ = {isa = PBXFileReference; name = "watch-48x48.png"; path = "watch-48x48.png"; sourceTree = "<group>"; fileEncoding = undefined; lastKnownFileType = unknown; explicitFileType = undefined; includeInIndex = 0; };
		264FC656A62C476A9F87FA63 /* watch-55x55.png */ = {isa = PBXFileReference; name = "watch-55x55.png"; path = "watch-55x55.png"; sourceTree = "<group>"; fileEncoding = undefined; lastKnownFileType = unknown; explicitFileType = undefined; includeInIndex = 0; };
		ACA0D088ED4D4389BE831426 /* watch-58x58.png */ = {isa = PBXFileReference; name = "watch-58x58.png"; path = "watch-58x58.png"; sourceTree = "<group>"; fileEncoding = undefined; lastKnownFileType = unknown; explicitFileType = undefined; includeInIndex = 0; };
		F1456022A5D845B5B74E5AD0 /* watch-80x80.png */ = {isa = PBXFileReference; name = "watch-80x80.png"; path = "watch-80x80.png"; sourceTree = "<group>"; fileEncoding = undefined; lastKnownFileType = unknown; explicitFileType = undefined; includeInIndex = 0; };
		5F108041E7554EA9BC480E9C /* watch-87x87.png */ = {isa = PBXFileReference; name = "watch-87x87.png"; path = "watch-87x87.png"; sourceTree = "<group>"; fileEncoding = undefined; lastKnownFileType = unknown; explicitFileType = undefined; includeInIndex = 0; };
		9A8E1FD6BA174DF9B031DC5F /* watch-88x88.png */ = {isa = PBXFileReference; name = "watch-88x88.png"; path = "watch-88x88.png"; sourceTree = "<group>"; fileEncoding = undefined; lastKnownFileType = unknown; explicitFileType = undefined; includeInIndex = 0; };
		D3C51AE52F6049A1B6C831DF /* AppVersion.m */ = {isa = PBXFileReference; name = "AppVersion.m"; path = "uk.co.whiteoctober.cordova.appversion/AppVersion.m"; sourceTree = "<group>"; fileEncoding = 4; lastKnownFileType = sourcecode.c.objc; explicitFileType = undefined; includeInIndex = 0; };
		94B909B0724B4691BDC9AEBB /* AppVersion.h */ = {isa = PBXFileReference; name = "AppVersion.h"; path = "uk.co.whiteoctober.cordova.appversion/AppVersion.h"; sourceTree = "<group>"; fileEncoding = 4; lastKnownFileType = sourcecode.c.h; explicitFileType = undefined; includeInIndex = 0; };
		5FFE8F4CB75D46E781B1A37D /* EqatecAnalyticsPlugin.mm */ = {isa = PBXFileReference; name = "EqatecAnalyticsPlugin.mm"; path = "com.telerik.plugin.telerikanalytics/EqatecAnalyticsPlugin.mm"; sourceTree = "<group>"; fileEncoding = undefined; lastKnownFileType = unknown; explicitFileType = undefined; includeInIndex = 0; };
		537CD2F30D3142D191B92768 /* libEQATECAnalyticsMonitoriOS.a */ = {isa = PBXFileReference; name = "libEQATECAnalyticsMonitoriOS.a"; path = "commikodigitalpromosliege/Plugins/com.telerik.plugin.telerikanalytics/libEQATECAnalyticsMonitoriOS.a"; sourceTree = "<group>"; fileEncoding = undefined; lastKnownFileType = archive.ar; explicitFileType = undefined; includeInIndex = 0; };
		08AB1BF9511C4B79BFB08D21 /* EqatecAnalyticsPlugin.h */ = {isa = PBXFileReference; name = "EqatecAnalyticsPlugin.h"; path = "com.telerik.plugin.telerikanalytics/EqatecAnalyticsPlugin.h"; sourceTree = "<group>"; fileEncoding = 4; lastKnownFileType = sourcecode.c.h; explicitFileType = undefined; includeInIndex = 0; };
		7A9C4049C88D4E7993B69B87 /* EQATECAnalyticsMonitor.h */ = {isa = PBXFileReference; name = "EQATECAnalyticsMonitor.h"; path = "com.telerik.plugin.telerikanalytics/EQATECAnalyticsMonitor.h"; sourceTree = "<group>"; fileEncoding = 4; lastKnownFileType = sourcecode.c.h; explicitFileType = undefined; includeInIndex = 0; };
		9B58530164E0490C985A71D9 /* libc++.dylib */ = {isa = PBXFileReference; name = "libc++.dylib"; path = "usr/lib/libc++.dylib"; sourceTree = SDKROOT; fileEncoding = undefined; lastKnownFileType = compiled.mach-o.dylib; explicitFileType = undefined; includeInIndex = 0; };
		694F96413AFA4B66AABCD6F4 /* CDVFile.m */ = {isa = PBXFileReference; name = "CDVFile.m"; path = "cordova-plugin-file/CDVFile.m"; sourceTree = "<group>"; fileEncoding = 4; lastKnownFileType = sourcecode.c.objc; explicitFileType = undefined; includeInIndex = 0; };
		7AD559B5C192410FAF4D756B /* CDVLocalFilesystem.m */ = {isa = PBXFileReference; name = "CDVLocalFilesystem.m"; path = "cordova-plugin-file/CDVLocalFilesystem.m"; sourceTree = "<group>"; fileEncoding = 4; lastKnownFileType = sourcecode.c.objc; explicitFileType = undefined; includeInIndex = 0; };
		9E28337BF09D4676BA18EE66 /* CDVAssetLibraryFilesystem.m */ = {isa = PBXFileReference; name = "CDVAssetLibraryFilesystem.m"; path = "cordova-plugin-file/CDVAssetLibraryFilesystem.m"; sourceTree = "<group>"; fileEncoding = 4; lastKnownFileType = sourcecode.c.objc; explicitFileType = undefined; includeInIndex = 0; };
		28E7B0C0C7024C7F912AAB8B /* CDVFile.h */ = {isa = PBXFileReference; name = "CDVFile.h"; path = "cordova-plugin-file/CDVFile.h"; sourceTree = "<group>"; fileEncoding = 4; lastKnownFileType = sourcecode.c.h; explicitFileType = undefined; includeInIndex = 0; };
		5F3B749B3E4D4CD3A388A1ED /* CDVLocalFilesystem.h */ = {isa = PBXFileReference; name = "CDVLocalFilesystem.h"; path = "cordova-plugin-file/CDVLocalFilesystem.h"; sourceTree = "<group>"; fileEncoding = 4; lastKnownFileType = sourcecode.c.h; explicitFileType = undefined; includeInIndex = 0; };
		CABE2D99BDC94D5F8177BD3C /* CDVAssetLibraryFilesystem.h */ = {isa = PBXFileReference; name = "CDVAssetLibraryFilesystem.h"; path = "cordova-plugin-file/CDVAssetLibraryFilesystem.h"; sourceTree = "<group>"; fileEncoding = 4; lastKnownFileType = sourcecode.c.h; explicitFileType = undefined; includeInIndex = 0; };
		D77A30D5C1CE4CF3AE2C9D0A /* CDVFileTransfer.m */ = {isa = PBXFileReference; name = "CDVFileTransfer.m"; path = "cordova-plugin-file-transfer/CDVFileTransfer.m"; sourceTree = "<group>"; fileEncoding = 4; lastKnownFileType = sourcecode.c.objc; explicitFileType = undefined; includeInIndex = 0; };
		5054C0D258FA435882D53481 /* CDVFileTransfer.h */ = {isa = PBXFileReference; name = "CDVFileTransfer.h"; path = "cordova-plugin-file-transfer/CDVFileTransfer.h"; sourceTree = "<group>"; fileEncoding = 4; lastKnownFileType = sourcecode.c.h; explicitFileType = undefined; includeInIndex = 0; };
		9DD1642C3AED426EA43A5FB7 /* CDVInAppBrowser.m */ = {isa = PBXFileReference; name = "CDVInAppBrowser.m"; path = "cordova-plugin-inappbrowser/CDVInAppBrowser.m"; sourceTree = "<group>"; fileEncoding = 4; lastKnownFileType = sourcecode.c.objc; explicitFileType = undefined; includeInIndex = 0; };
		FC4E52EE4CEE4E26A2AD37CC /* CDVInAppBrowser.h */ = {isa = PBXFileReference; name = "CDVInAppBrowser.h"; path = "cordova-plugin-inappbrowser/CDVInAppBrowser.h"; sourceTree = "<group>"; fileEncoding = 4; lastKnownFileType = sourcecode.c.h; explicitFileType = undefined; includeInIndex = 0; };
		577852CC403A4F5FB0E8F107 /* CDVConnection.m */ = {isa = PBXFileReference; name = "CDVConnection.m"; path = "cordova-plugin-network-information/CDVConnection.m"; sourceTree = "<group>"; fileEncoding = 4; lastKnownFileType = sourcecode.c.objc; explicitFileType = undefined; includeInIndex = 0; };
		3FD7CB82F0D1444FB9DF7F29 /* CDVReachability.m */ = {isa = PBXFileReference; name = "CDVReachability.m"; path = "cordova-plugin-network-information/CDVReachability.m"; sourceTree = "<group>"; fileEncoding = 4; lastKnownFileType = sourcecode.c.objc; explicitFileType = undefined; includeInIndex = 0; };
		42B813F0673E447EB86DA9CA /* CDVConnection.h */ = {isa = PBXFileReference; name = "CDVConnection.h"; path = "cordova-plugin-network-information/CDVConnection.h"; sourceTree = "<group>"; fileEncoding = 4; lastKnownFileType = sourcecode.c.h; explicitFileType = undefined; includeInIndex = 0; };
		1D8489A7AD1E486C8B7505C7 /* CDVReachability.h */ = {isa = PBXFileReference; name = "CDVReachability.h"; path = "cordova-plugin-network-information/CDVReachability.h"; sourceTree = "<group>"; fileEncoding = 4; lastKnownFileType = sourcecode.c.h; explicitFileType = undefined; includeInIndex = 0; };
		168ABBB9A7534619981C56B7 /* SystemConfiguration.framework */ = {isa = PBXFileReference; name = "SystemConfiguration.framework"; path = "System/Library/Frameworks/SystemConfiguration.framework"; sourceTree = SDKROOT; fileEncoding = undefined; lastKnownFileType = wrapper.framework; explicitFileType = undefined; includeInIndex = 0; };
		B5CB5570284D43928C90F8C6 /* CoreTelephony.framework */ = {isa = PBXFileReference; name = "CoreTelephony.framework"; path = "System/Library/Frameworks/CoreTelephony.framework"; sourceTree = SDKROOT; fileEncoding = undefined; lastKnownFileType = wrapper.framework; explicitFileType = undefined; includeInIndex = 0; };
		018C7FBCEEEF425CAFD29EC8 /* CDVSplashScreen.m */ = {isa = PBXFileReference; name = "CDVSplashScreen.m"; path = "cordova-plugin-splashscreen/CDVSplashScreen.m"; sourceTree = "<group>"; fileEncoding = 4; lastKnownFileType = sourcecode.c.objc; explicitFileType = undefined; includeInIndex = 0; };
		30FBBF625CDA4A049A69979A /* CDVViewController+SplashScreen.m */ = {isa = PBXFileReference; name = "CDVViewController+SplashScreen.m"; path = "cordova-plugin-splashscreen/CDVViewController+SplashScreen.m"; sourceTree = "<group>"; fileEncoding = 4; lastKnownFileType = sourcecode.c.objc; explicitFileType = undefined; includeInIndex = 0; };
		88EE850ABEF94400856E104F /* CDVSplashScreen.h */ = {isa = PBXFileReference; name = "CDVSplashScreen.h"; path = "cordova-plugin-splashscreen/CDVSplashScreen.h"; sourceTree = "<group>"; fileEncoding = 4; lastKnownFileType = sourcecode.c.h; explicitFileType = undefined; includeInIndex = 0; };
		C788C2B83DBA4696A82F01AB /* CDVViewController+SplashScreen.h */ = {isa = PBXFileReference; name = "CDVViewController+SplashScreen.h"; path = "cordova-plugin-splashscreen/CDVViewController+SplashScreen.h"; sourceTree = "<group>"; fileEncoding = 4; lastKnownFileType = sourcecode.c.h; explicitFileType = undefined; includeInIndex = 0; };
		8DBCF472538B48E7BFCA82CF /* CDVStatusBar.m */ = {isa = PBXFileReference; name = "CDVStatusBar.m"; path = "cordova-plugin-statusbar/CDVStatusBar.m"; sourceTree = "<group>"; fileEncoding = 4; lastKnownFileType = sourcecode.c.objc; explicitFileType = undefined; includeInIndex = 0; };
		7AB08561CA6743679B44265C /* CDVStatusBar.h */ = {isa = PBXFileReference; name = "CDVStatusBar.h"; path = "cordova-plugin-statusbar/CDVStatusBar.h"; sourceTree = "<group>"; fileEncoding = 4; lastKnownFileType = sourcecode.c.h; explicitFileType = undefined; includeInIndex = 0; };
		611D626E1A82463A9D7C6921 /* CDVVibration.m */ = {isa = PBXFileReference; name = "CDVVibration.m"; path = "cordova-plugin-vibration/CDVVibration.m"; sourceTree = "<group>"; fileEncoding = 4; lastKnownFileType = sourcecode.c.objc; explicitFileType = undefined; includeInIndex = 0; };
		E3F19F6DCCCE4C1CB10E5D3B /* CDVVibration.h */ = {isa = PBXFileReference; name = "CDVVibration.h"; path = "cordova-plugin-vibration/CDVVibration.h"; sourceTree = "<group>"; fileEncoding = 4; lastKnownFileType = sourcecode.c.h; explicitFileType = undefined; includeInIndex = 0; };
		1352C3DC10DE4B0FA414D52F /* AudioToolbox.framework */ = {isa = PBXFileReference; name = "AudioToolbox.framework"; path = "System/Library/Frameworks/AudioToolbox.framework"; sourceTree = SDKROOT; fileEncoding = undefined; lastKnownFileType = wrapper.framework; explicitFileType = undefined; includeInIndex = 0; };
		F38D852CFEEF403FA332C92F /* CDVDevice.m */ = {isa = PBXFileReference; name = "CDVDevice.m"; path = "cordova-plugin-device/CDVDevice.m"; sourceTree = "<group>"; fileEncoding = 4; lastKnownFileType = sourcecode.c.objc; explicitFileType = undefined; includeInIndex = 0; };
		6472A8BD1D864F5C9740C43D /* CDVDevice.h */ = {isa = PBXFileReference; name = "CDVDevice.h"; path = "cordova-plugin-device/CDVDevice.h"; sourceTree = "<group>"; fileEncoding = 4; lastKnownFileType = sourcecode.c.h; explicitFileType = undefined; includeInIndex = 0; };
		5036338089B844F3B3549857 /* libz.tbd */ = {isa = PBXFileReference; name = "libz.tbd"; path = "usr/lib/libz.tbd"; sourceTree = SDKROOT; fileEncoding = undefined; lastKnownFileType = sourcecode.text-based-dylib-definition; explicitFileType = undefined; includeInIndex = 0; };
		D19CF1458A0E4D198E8E5507 /* CDVGlobalization.m */ = {isa = PBXFileReference; name = "CDVGlobalization.m"; path = "cordova-plugin-globalization/CDVGlobalization.m"; sourceTree = "<group>"; fileEncoding = 4; lastKnownFileType = sourcecode.c.objc; explicitFileType = undefined; includeInIndex = 0; };
		1DCB11C48827448CB39513EE /* CDVGlobalization.h */ = {isa = PBXFileReference; name = "CDVGlobalization.h"; path = "cordova-plugin-globalization/CDVGlobalization.h"; sourceTree = "<group>"; fileEncoding = 4; lastKnownFileType = sourcecode.c.h; explicitFileType = undefined; includeInIndex = 0; };
		B74EF08822454AA99A92B0E9 /* AppDelegate+notification.m */ = {isa = PBXFileReference; name = "AppDelegate+notification.m"; path = "com.phonegap.plugins.PushPlugin/AppDelegate+notification.m"; sourceTree = "<group>"; fileEncoding = 4; lastKnownFileType = sourcecode.c.objc; explicitFileType = undefined; includeInIndex = 0; };
		D17AE8FDA9BD4E71B9011E12 /* PushPlugin.m */ = {isa = PBXFileReference; name = "PushPlugin.m"; path = "com.phonegap.plugins.PushPlugin/PushPlugin.m"; sourceTree = "<group>"; fileEncoding = 4; lastKnownFileType = sourcecode.c.objc; explicitFileType = undefined; includeInIndex = 0; };
		ABA29B5FA89841D89BBC3328 /* AppDelegate+notification.h */ = {isa = PBXFileReference; name = "AppDelegate+notification.h"; path = "com.phonegap.plugins.PushPlugin/AppDelegate+notification.h"; sourceTree = "<group>"; fileEncoding = 4; lastKnownFileType = sourcecode.c.h; explicitFileType = undefined; includeInIndex = 0; };
		E55AE3EE42654002A51F0E9D /* PushPlugin.h */ = {isa = PBXFileReference; name = "PushPlugin.h"; path = "com.phonegap.plugins.PushPlugin/PushPlugin.h"; sourceTree = "<group>"; fileEncoding = 4; lastKnownFileType = sourcecode.c.h; explicitFileType = undefined; includeInIndex = 0; };
		4ECDD7B0C50243A0B195AE37 /* NSString+URLEncoding.m */ = {isa = PBXFileReference; name = "NSString+URLEncoding.m"; path = "nl.x-services.plugins.socialsharing/NSString+URLEncoding.m"; sourceTree = "<group>"; fileEncoding = 4; lastKnownFileType = sourcecode.c.objc; explicitFileType = undefined; includeInIndex = 0; };
		F16FF004B4A149C682E83AFD /* SocialSharing.m */ = {isa = PBXFileReference; name = "SocialSharing.m"; path = "nl.x-services.plugins.socialsharing/SocialSharing.m"; sourceTree = "<group>"; fileEncoding = 4; lastKnownFileType = sourcecode.c.objc; explicitFileType = undefined; includeInIndex = 0; };
		6048FDC7F61B4F2EB06B616D /* NSString+URLEncoding.h */ = {isa = PBXFileReference; name = "NSString+URLEncoding.h"; path = "nl.x-services.plugins.socialsharing/NSString+URLEncoding.h"; sourceTree = "<group>"; fileEncoding = 4; lastKnownFileType = sourcecode.c.h; explicitFileType = undefined; includeInIndex = 0; };
		2AD04C6100C34E0F9747AB00 /* SocialSharing.h */ = {isa = PBXFileReference; name = "SocialSharing.h"; path = "nl.x-services.plugins.socialsharing/SocialSharing.h"; sourceTree = "<group>"; fileEncoding = 4; lastKnownFileType = sourcecode.c.h; explicitFileType = undefined; includeInIndex = 0; };
		3C016D63F09D4DE19DBF2FE9 /* Social.framework */ = {isa = PBXFileReference; name = "Social.framework"; path = "System/Library/Frameworks/Social.framework"; sourceTree = SDKROOT; fileEncoding = undefined; lastKnownFileType = wrapper.framework; explicitFileType = undefined; includeInIndex = 0; };
		E510A397C75C46A6A6912CBF /* MessageUI.framework */ = {isa = PBXFileReference; name = "MessageUI.framework"; path = "System/Library/Frameworks/MessageUI.framework"; sourceTree = SDKROOT; fileEncoding = undefined; lastKnownFileType = wrapper.framework; explicitFileType = undefined; includeInIndex = 0; };
/* End PBXFileReference section */

/* Begin PBXFrameworksBuildPhase section */
		1D60588F0D05DD3D006BFB54 /* Frameworks */ = {
			isa = PBXFrameworksBuildPhase;
			buildActionMask = 2147483647;
			files = (
				301BF552109A68D80062928A /* libCordova.a in Frameworks */,
				192C5A201CA04256A1CAFF41 /* libEQATECAnalyticsMonitoriOS.a in Frameworks */,
				1DD838D2CAA04AA58D1B5E18 /* libc++.dylib in Frameworks */,
				27D7F04F29DB48C6A3DDCD45 /* SystemConfiguration.framework in Frameworks */,
				EFEE43A091A543D6AAB22084 /* CoreTelephony.framework in Frameworks */,
				8F2E77D14DBD466F8B196492 /* AudioToolbox.framework in Frameworks */,
				6528276F625C4B868E0FAAF5 /* libz.tbd in Frameworks */,
				C1BF6870270C4BC5950F7C6C /* Social.framework in Frameworks */,
				20AE5D8E72C54A8D97DDB6DC /* MessageUI.framework in Frameworks */,
			);
			runOnlyForDeploymentPostprocessing = 0;
		};
/* End PBXFrameworksBuildPhase section */

/* Begin PBXGroup section */
		080E96DDFE201D6D7F000001 /* Classes */ = {
			isa = PBXGroup;
			children = (
				302D95EE14D2391D003F00A1 /* MainViewController.h */,
				302D95EF14D2391D003F00A1 /* MainViewController.m */,
				302D95F014D2391D003F00A1 /* MainViewController.xib */,
				1D3623240D0F684500981E51 /* AppDelegate.h */,
				1D3623250D0F684500981E51 /* AppDelegate.m */,
			);
			name = Classes;
			path = "commikodigitalpromosliege/Classes";
			sourceTree = SOURCE_ROOT;
		};
		19C28FACFE9D520D11CA2CBB /* Products */ = {
			isa = PBXGroup;
			children = (
				1D6058910D05DD3D006BFB54 /* commikodigitalpromosliege.app */,
			);
			name = Products;
			sourceTree = "<group>";
		};
		29B97314FDCFA39411CA2CEA /* CustomTemplate */ = {
			isa = PBXGroup;
			children = (
				EB87FDF41871DAF40020F90C /* config.xml */,
				EB87FDF31871DA8E0020F90C /* www */,
				EB87FDF11871DA420020F90C /* Staging */,
				301BF52D109A57CC0062928A /* CordovaLib.xcodeproj */,
				080E96DDFE201D6D7F000001 /* Classes */,
				307C750510C5A3420062BCA9 /* Plugins */,
				29B97315FDCFA39411CA2CEA /* Other Sources */,
				29B97317FDCFA39411CA2CEA /* Resources */,
				29B97323FDCFA39411CA2CEA /* Frameworks */,
				19C28FACFE9D520D11CA2CBB /* Products */,
			);
			name = CustomTemplate;
			sourceTree = "<group>";
		};
		29B97315FDCFA39411CA2CEA /* Other Sources */ = {
			isa = PBXGroup;
			children = (
				32CA4F630368D1EE00C91783 /* commikodigitalpromosliege-Prefix.pch */,
				29B97316FDCFA39411CA2CEA /* main.m */,
				ED33DF2A687741AEAF9F8254 /* Bridging-Header.h */,
			);
			name = "Other Sources";
			path = "commikodigitalpromosliege";
			sourceTree = "<group>";
		};
		29B97317FDCFA39411CA2CEA /* Resources */ = {
			isa = PBXGroup;
			children = (
				3047A50E1AB8057F00498E2A /* config */,
				8D1107310486CEB800E47090 /* commikodigitalpromosliege-Info.plist */,
				6AFF5BF81D6E424B00AB3073 /* CDVLaunchScreen.storyboard */,
				4E662B5A0F5F4F62838E551A /* Default-568h@2x.png */,
				ED406E8326C24DE4820AC620 /* Default-667h.png */,
				3FEC51EAE5BF468BBBD434FB /* Default-736h.png */,
				080BCECC3DD0483BBCE368C1 /* Default-Landscape-1366@2x.png */,
				7874527D71074BC1B93408E5 /* Default-Landscape-667h.png */,
				ED15C6B5AACA4B13A8664A37 /* Default-Landscape-736h.png */,
				E4E846F47BDE41AA873A3CBD /* Default-Landscape.png */,
				EB1529433B644D29AE3DFFEC /* Default-Landscape@2x.png */,
				44843D3EB7F84BC3BA3CF13E /* Default-Portrait-1366@2x.png */,
				4FB0DEEA4E3E4CB9B5049C16 /* Default-Portrait.png */,
				959EFF5CE85545B1BF4D62BE /* Default-Portrait@2x.png */,
				E282B2245FDC4D69938A9BDD /* Default.png */,
				B8C01EFBEF1A4308B28D2A31 /* Default@2x.png */,
				9519BDB7539944F5ACE114C5 /* icon-40.png */,
				8DF1ED3336454B5EA2B51A34 /* icon-40@2x.png */,
				2EB04E1718804C35A992B218 /* Icon-40@3x.png */,
				8FE535EE310A48449DDBE3C2 /* icon-60.png */,
				71DDCDBEB4A14E55B8244034 /* icon-60@2x.png */,
				3153921DB18B4E9DA0EAB916 /* Icon-60@3x.png */,
				D8A5F52BA64643CFB35548C9 /* icon-72.png */,
				0E5B8B7915934A9DAAE72B0A /* icon-72@2x.png */,
				BAC7110E284148CBB44D546A /* icon-76.png */,
				92434DF7A0024727A921BFEB /* icon-76@2x.png */,
				114E3ABDBFDD4757A04DCDAD /* icon-83.5@2x.png */,
				C6EC7C2F2D7D450598F14B92 /* Icon-Small-50.png */,
				34416C4387224F2C933BB344 /* Icon-Small-50@2x.png */,
				B4371E83E1544FE7AB4E4C40 /* Icon-Small.png */,
				862562EED50F4E1D8ED6B686 /* Icon-Small@2x.png */,
				C62B98A9A89943979CF5DE21 /* icon.png */,
				C692CA2706654597BAEAABBB /* icon@2x.png */,
				15B44B1B55674652B83E7C8C /* watch-172x172.png */,
				C0BC13EC0E9D4866B92B08F0 /* watch-196x196.png */,
				CA97B72AAB3C45D09C643B5D /* watch-48x48.png */,
				264FC656A62C476A9F87FA63 /* watch-55x55.png */,
				ACA0D088ED4D4389BE831426 /* watch-58x58.png */,
				F1456022A5D845B5B74E5AD0 /* watch-80x80.png */,
				5F108041E7554EA9BC480E9C /* watch-87x87.png */,
				9A8E1FD6BA174DF9B031DC5F /* watch-88x88.png */,
			);
			name = Resources;
			path = "commikodigitalpromosliege/Resources";
			sourceTree = "<group>";
		};
		29B97323FDCFA39411CA2CEA /* Frameworks */ = {
			isa = PBXGroup;
			children = (
				537CD2F30D3142D191B92768 /* libEQATECAnalyticsMonitoriOS.a */,
				9B58530164E0490C985A71D9 /* libc++.dylib */,
				168ABBB9A7534619981C56B7 /* SystemConfiguration.framework */,
				B5CB5570284D43928C90F8C6 /* CoreTelephony.framework */,
				1352C3DC10DE4B0FA414D52F /* AudioToolbox.framework */,
				5036338089B844F3B3549857 /* libz.tbd */,
				3C016D63F09D4DE19DBF2FE9 /* Social.framework */,
				E510A397C75C46A6A6912CBF /* MessageUI.framework */,
			);
			name = Frameworks;
			sourceTree = "<group>";
		};
		301BF52E109A57CC0062928A /* Products */ = {
			isa = PBXGroup;
			children = (
				301BF535109A57CC0062928A /* libCordova.a */,
			);
			name = Products;
			sourceTree = "<group>";
		};
		3047A50E1AB8057F00498E2A /* config */ = {
			isa = PBXGroup;
			children = (
				3047A50F1AB8059700498E2A /* build-debug.xcconfig */,
				3047A5101AB8059700498E2A /* build-release.xcconfig */,
				3047A5111AB8059700498E2A /* build.xcconfig */,
			);
			name = config;
			sourceTree = "<group>";
		};
		307C750510C5A3420062BCA9 /* Plugins */ = {
			isa = PBXGroup;
			children = (
				D3C51AE52F6049A1B6C831DF /* AppVersion.m */,
				94B909B0724B4691BDC9AEBB /* AppVersion.h */,
				5FFE8F4CB75D46E781B1A37D /* EqatecAnalyticsPlugin.mm */,
				08AB1BF9511C4B79BFB08D21 /* EqatecAnalyticsPlugin.h */,
				7A9C4049C88D4E7993B69B87 /* EQATECAnalyticsMonitor.h */,
				694F96413AFA4B66AABCD6F4 /* CDVFile.m */,
				7AD559B5C192410FAF4D756B /* CDVLocalFilesystem.m */,
				9E28337BF09D4676BA18EE66 /* CDVAssetLibraryFilesystem.m */,
				28E7B0C0C7024C7F912AAB8B /* CDVFile.h */,
				5F3B749B3E4D4CD3A388A1ED /* CDVLocalFilesystem.h */,
				CABE2D99BDC94D5F8177BD3C /* CDVAssetLibraryFilesystem.h */,
				D77A30D5C1CE4CF3AE2C9D0A /* CDVFileTransfer.m */,
				5054C0D258FA435882D53481 /* CDVFileTransfer.h */,
				9DD1642C3AED426EA43A5FB7 /* CDVInAppBrowser.m */,
				FC4E52EE4CEE4E26A2AD37CC /* CDVInAppBrowser.h */,
				577852CC403A4F5FB0E8F107 /* CDVConnection.m */,
				3FD7CB82F0D1444FB9DF7F29 /* CDVReachability.m */,
				42B813F0673E447EB86DA9CA /* CDVConnection.h */,
				1D8489A7AD1E486C8B7505C7 /* CDVReachability.h */,
				018C7FBCEEEF425CAFD29EC8 /* CDVSplashScreen.m */,
				30FBBF625CDA4A049A69979A /* CDVViewController+SplashScreen.m */,
				88EE850ABEF94400856E104F /* CDVSplashScreen.h */,
				C788C2B83DBA4696A82F01AB /* CDVViewController+SplashScreen.h */,
				8DBCF472538B48E7BFCA82CF /* CDVStatusBar.m */,
				7AB08561CA6743679B44265C /* CDVStatusBar.h */,
				611D626E1A82463A9D7C6921 /* CDVVibration.m */,
				E3F19F6DCCCE4C1CB10E5D3B /* CDVVibration.h */,
				F38D852CFEEF403FA332C92F /* CDVDevice.m */,
				6472A8BD1D864F5C9740C43D /* CDVDevice.h */,
				D19CF1458A0E4D198E8E5507 /* CDVGlobalization.m */,
				1DCB11C48827448CB39513EE /* CDVGlobalization.h */,
				B74EF08822454AA99A92B0E9 /* AppDelegate+notification.m */,
				D17AE8FDA9BD4E71B9011E12 /* PushPlugin.m */,
				ABA29B5FA89841D89BBC3328 /* AppDelegate+notification.h */,
				E55AE3EE42654002A51F0E9D /* PushPlugin.h */,
				4ECDD7B0C50243A0B195AE37 /* NSString+URLEncoding.m */,
				F16FF004B4A149C682E83AFD /* SocialSharing.m */,
				6048FDC7F61B4F2EB06B616D /* NSString+URLEncoding.h */,
				2AD04C6100C34E0F9747AB00 /* SocialSharing.h */,
			);
			name = Plugins;
			path = "commikodigitalpromosliege/Plugins";
			sourceTree = SOURCE_ROOT;
		};
		EB87FDF11871DA420020F90C /* Staging */ = {
			isa = PBXGroup;
			children = (
				F840E1F0165FE0F500CFE078 /* config.xml */,
				301BF56E109A69640062928A /* www */,
			);
			name = Staging;
			sourceTree = "<group>";
		};
/* End PBXGroup section */

/* Begin PBXNativeTarget section */
		1D6058900D05DD3D006BFB54 /* commikodigitalpromosliege */ = {
			isa = PBXNativeTarget;
			buildConfigurationList = 1D6058960D05DD3E006BFB54 /* Build configuration list for PBXNativeTarget "commikodigitalpromosliege" */;
			buildPhases = (
				304B58A110DAC018002A0835 /* Copy www directory */,
				1D60588D0D05DD3D006BFB54 /* Resources */,
				1D60588E0D05DD3D006BFB54 /* Sources */,
				1D60588F0D05DD3D006BFB54 /* Frameworks */,
			);
			buildRules = (
			);
			dependencies = (
				301BF551109A68C00062928A /* PBXTargetDependency */,
			);
			name = "commikodigitalpromosliege";
			productName = "commikodigitalpromosliege";
			productReference = 1D6058910D05DD3D006BFB54 /* commikodigitalpromosliege.app */;
			productType = "com.apple.product-type.application";
		};
/* End PBXNativeTarget section */

/* Begin PBXProject section */
		29B97313FDCFA39411CA2CEA /* Project object */ = {
			isa = PBXProject;
			attributes = {
				LastUpgradeCheck = 510;
			};
			buildConfigurationList = C01FCF4E08A954540054247B /* Build configuration list for PBXProject "__NON-CLI__" */;
			compatibilityVersion = "Xcode 3.2";
			developmentRegion = English;
			hasScannedForEncodings = 1;
			mainGroup = 29B97314FDCFA39411CA2CEA /* CustomTemplate */;
			projectDirPath = "";
			projectReferences = (
				{
					ProductGroup = 301BF52E109A57CC0062928A /* Products */;
					ProjectRef = 301BF52D109A57CC0062928A /* CordovaLib.xcodeproj */;
				},
			);
			projectRoot = "";
			targets = (
				1D6058900D05DD3D006BFB54 /* commikodigitalpromosliege */,
			);
		};
/* End PBXProject section */

/* Begin PBXReferenceProxy section */
		301BF535109A57CC0062928A /* libCordova.a */ = {
			isa = PBXReferenceProxy;
			fileType = archive.ar;
			path = libCordova.a;
			remoteRef = 301BF534109A57CC0062928A /* PBXContainerItemProxy */;
			sourceTree = BUILT_PRODUCTS_DIR;
		};
/* End PBXReferenceProxy section */

/* Begin PBXResourcesBuildPhase section */
		1D60588D0D05DD3D006BFB54 /* Resources */ = {
			isa = PBXResourcesBuildPhase;
			buildActionMask = 2147483647;
			files = (
				302D95F214D2391D003F00A1 /* MainViewController.xib in Resources */,
				6AFF5BF91D6E424B00AB3073 /* CDVLaunchScreen.storyboard in Resources */,
				0FFB100CF51947E89D196975 /* Default-568h@2x.png in Resources */,
				9DA9E71EBB2E4B54A087A12B /* Default-667h.png in Resources */,
				6228EAE22C794AE9804077C1 /* Default-736h.png in Resources */,
				9498196943B5439888A6FA46 /* Default-Landscape-1366@2x.png in Resources */,
				1AD75848FEC14D08A9307FB6 /* Default-Landscape-667h.png in Resources */,
				728A90A76AB14A92B45F633E /* Default-Landscape-736h.png in Resources */,
				10C42C0BB7B243A18B18B99D /* Default-Landscape.png in Resources */,
				AD06B968F33E439E8019279C /* Default-Landscape@2x.png in Resources */,
				42A1952D6D944D69BD395604 /* Default-Portrait-1366@2x.png in Resources */,
				006E80FDB2A042F08F724EA8 /* Default-Portrait.png in Resources */,
				C9CF842C09924520BD6B543D /* Default-Portrait@2x.png in Resources */,
				885A6DBD7EEE470ABBA79B47 /* Default.png in Resources */,
				8F77938DEB2C42A09BD47962 /* Default@2x.png in Resources */,
				46A640B02E1F40CF9FF0544E /* icon-40.png in Resources */,
				3A0DFB0EFC4E4196946DC95C /* icon-40@2x.png in Resources */,
				FE82C59EAADA4796A4B5AFB7 /* Icon-40@3x.png in Resources */,
				4A137434AEDA48F8BDD20C8D /* icon-60.png in Resources */,
				47FA06579B934653938E3B66 /* icon-60@2x.png in Resources */,
				17CCF7DF964F49A4BC8D8005 /* Icon-60@3x.png in Resources */,
				DE6DE04807FF4B7EB1BD1C73 /* icon-72.png in Resources */,
				967360C652734451895A700B /* icon-72@2x.png in Resources */,
				FCAB4D78FCB749C8891DF6DC /* icon-76.png in Resources */,
				E7ADC8DDDF20482DAF6B37C7 /* icon-76@2x.png in Resources */,
				E5E866A95E2D4AC88770ABDC /* icon-83.5@2x.png in Resources */,
				56F1D72BC70746C7BEB9C17E /* Icon-Small-50.png in Resources */,
				376339C9DDBE4FE5813FE716 /* Icon-Small-50@2x.png in Resources */,
				81EFDCE5D0E2472C8887D8C3 /* Icon-Small.png in Resources */,
				8B3D3FA59E6441AD94A0F7D9 /* Icon-Small@2x.png in Resources */,
				7302B9968637459391E348B0 /* icon.png in Resources */,
				E3E7483776064CEAAE16077F /* icon@2x.png in Resources */,
				4CFEAA61FAC84C8D992265F6 /* watch-172x172.png in Resources */,
				C2F465F7585A4A049FEAEF63 /* watch-196x196.png in Resources */,
				0D4E46E6ED2D4570984C3D71 /* watch-48x48.png in Resources */,
				44EE6DE0DA104653AB337C56 /* watch-55x55.png in Resources */,
				B8C0CA0F48DE4210AC8B9D08 /* watch-58x58.png in Resources */,
				6C674003097F4499A6D49914 /* watch-80x80.png in Resources */,
				A653591144A942D1831B4374 /* watch-87x87.png in Resources */,
				B3200C9F5C064620AF14E924 /* watch-88x88.png in Resources */,
			);
			runOnlyForDeploymentPostprocessing = 0;
		};
/* End PBXResourcesBuildPhase section */

/* Begin PBXShellScriptBuildPhase section */
		304B58A110DAC018002A0835 /* Copy www directory */ = {
			isa = PBXShellScriptBuildPhase;
			buildActionMask = 2147483647;
			files = (
			);
			inputPaths = (
			);
			name = "Copy www directory";
			outputPaths = (
			);
			runOnlyForDeploymentPostprocessing = 0;
			shellPath = /bin/sh;
			shellScript = "NODEJS_PATH=/usr/local/bin; NVM_NODE_PATH=~/.nvm/versions/node/`nvm version 2>/dev/null`/bin; N_NODE_PATH=`find /usr/local/n/versions/node/* -maxdepth 0 -type d 2>/dev/null | tail -1`/bin; XCODE_NODE_PATH=`xcode-select --print-path`/usr/share/xcs/Node/bin; PATH=$NODEJS_PATH:$NVM_NODE_PATH:$N_NODE_PATH:$XCODE_NODE_PATH:$PATH && node cordova/lib/copy-www-build-step.js";
			showEnvVarsInLog = 0;
		};
/* End PBXShellScriptBuildPhase section */

/* Begin PBXSourcesBuildPhase section */
		1D60588E0D05DD3D006BFB54 /* Sources */ = {
			isa = PBXSourcesBuildPhase;
			buildActionMask = 2147483647;
			files = (
				1D60589B0D05DD56006BFB54 /* main.m in Sources */,
				1D3623260D0F684500981E51 /* AppDelegate.m in Sources */,
				302D95F114D2391D003F00A1 /* MainViewController.m in Sources */,
				E100077EBD26486DAFC26791 /* AppVersion.m in Sources */,
				4591CC6B76E54B569BCFDBAD /* EqatecAnalyticsPlugin.mm in Resources */,
				8542D809783B44D4BD30CF24 /* CDVFile.m in Sources */,
				558DB449F4464B0C821BE64F /* CDVLocalFilesystem.m in Sources */,
				787A1B64E40842ED9F8A1652 /* CDVAssetLibraryFilesystem.m in Sources */,
				F04BAF7D524F4CEDAF6C2BCA /* CDVFileTransfer.m in Sources */,
				A53AFD9B5BC243FE9AC7465C /* CDVInAppBrowser.m in Sources */,
				0F8746B6B01D42E6A79EC388 /* CDVConnection.m in Sources */,
				9A9B8C8CCF3A4CB1B1C8D0FD /* CDVReachability.m in Sources */,
				EF3445AC92AD4B5AA527BEDB /* CDVSplashScreen.m in Sources */,
				4DE4B3648D844D258ACE5347 /* CDVViewController+SplashScreen.m in Sources */,
				246974662787415AA05214D0 /* CDVStatusBar.m in Sources */,
				073AD4C50B254A999933A377 /* CDVVibration.m in Sources */,
				092BE874020342A3AD292DE3 /* CDVDevice.m in Sources */,
				58928BF67B1F4A31B285CDDD /* CDVGlobalization.m in Sources */,
				9DCCB66C2D1C411AB9702D09 /* AppDelegate+notification.m in Sources */,
				68AB7BE982DF4C1FAA2A7AEC /* PushPlugin.m in Sources */,
				057B9AB3C6254141AB128729 /* NSString+URLEncoding.m in Sources */,
				70D78C05543142478F9582B2 /* SocialSharing.m in Sources */,
			);
			runOnlyForDeploymentPostprocessing = 0;
		};
/* End PBXSourcesBuildPhase section */

/* Begin PBXTargetDependency section */
		301BF551109A68C00062928A /* PBXTargetDependency */ = {
			isa = PBXTargetDependency;
			name = CordovaLib;
			targetProxy = 301BF550109A68C00062928A /* PBXContainerItemProxy */;
		};
/* End PBXTargetDependency section */

/* Begin XCBuildConfiguration section */
		1D6058940D05DD3E006BFB54 /* Debug */ = {
			isa = XCBuildConfiguration;
			baseConfigurationReference = 3047A50F1AB8059700498E2A /* build-debug.xcconfig */;
			buildSettings = {
				ALWAYS_SEARCH_USER_PATHS = NO;
				ASSETCATALOG_COMPILER_APPICON_NAME = AppIcon;
				ASSETCATALOG_COMPILER_LAUNCHIMAGE_NAME = LaunchImage;
				CLANG_ENABLE_MODULES = YES;
				CLANG_ENABLE_OBJC_ARC = YES;
				COPY_PHASE_STRIP = NO;
				GCC_DYNAMIC_NO_PIC = NO;
				GCC_OPTIMIZATION_LEVEL = 0;
				GCC_PRECOMPILE_PREFIX_HEADER = YES;
				GCC_PREFIX_HEADER = "commikodigitalpromosliege/commikodigitalpromosliege-Prefix.pch";
				GCC_THUMB_SUPPORT = NO;
				GCC_VERSION = "";
				INFOPLIST_FILE = "commikodigitalpromosliege/commikodigitalpromosliege-Info.plist";
				IPHONEOS_DEPLOYMENT_TARGET = 8.0;
				LD_RUNPATH_SEARCH_PATHS = "@executable_path/Frameworks";
				TARGETED_DEVICE_FAMILY = "1,2";
				PRODUCT_NAME = "commikodigitalpromosliege";
				LIBRARY_SEARCH_PATHS = (
					"$(inherited)",
					"\"$(SRCROOT)/commikodigitalpromosliege/Plugins/com.telerik.plugin.telerikanalytics\"",
				);
			};
			name = Debug;
		};
		1D6058950D05DD3E006BFB54 /* Release */ = {
			isa = XCBuildConfiguration;
			baseConfigurationReference = 3047A5101AB8059700498E2A /* build-release.xcconfig */;
			buildSettings = {
				ALWAYS_SEARCH_USER_PATHS = NO;
				ASSETCATALOG_COMPILER_APPICON_NAME = AppIcon;
				ASSETCATALOG_COMPILER_LAUNCHIMAGE_NAME = LaunchImage;
				CLANG_ENABLE_MODULES = YES;
				CLANG_ENABLE_OBJC_ARC = YES;
				COPY_PHASE_STRIP = YES;
				GCC_PRECOMPILE_PREFIX_HEADER = YES;
				GCC_PREFIX_HEADER = "commikodigitalpromosliege/commikodigitalpromosliege-Prefix.pch";
				GCC_THUMB_SUPPORT = NO;
				GCC_VERSION = "";
				INFOPLIST_FILE = "commikodigitalpromosliege/commikodigitalpromosliege-Info.plist";
				IPHONEOS_DEPLOYMENT_TARGET = 8.0;
				LD_RUNPATH_SEARCH_PATHS = "@executable_path/Frameworks";
				TARGETED_DEVICE_FAMILY = "1,2";
				PRODUCT_NAME = "commikodigitalpromosliege";
				LIBRARY_SEARCH_PATHS = (
					"$(inherited)",
					"\"$(SRCROOT)/commikodigitalpromosliege/Plugins/com.telerik.plugin.telerikanalytics\"",
				);
			};
			name = Release;
		};
		C01FCF4F08A954540054247B /* Debug */ = {
			isa = XCBuildConfiguration;
			baseConfigurationReference = 3047A5111AB8059700498E2A /* build.xcconfig */;
			buildSettings = {
				CLANG_ENABLE_MODULES = YES;
				CLANG_ENABLE_OBJC_ARC = YES;
				CLANG_WARN_BOOL_CONVERSION = YES;
				CLANG_WARN_CONSTANT_CONVERSION = YES;
				CLANG_WARN_EMPTY_BODY = YES;
				CLANG_WARN_ENUM_CONVERSION = YES;
				CLANG_WARN_INT_CONVERSION = YES;
				CLANG_WARN__DUPLICATE_METHOD_MATCH = YES;
				GCC_C_LANGUAGE_STANDARD = c99;
				GCC_THUMB_SUPPORT = NO;
				GCC_VERSION = "";
				GCC_WARN_ABOUT_RETURN_TYPE = YES;
				GCC_WARN_UNDECLARED_SELECTOR = YES;
				GCC_WARN_UNINITIALIZED_AUTOS = YES;
				GCC_WARN_UNUSED_FUNCTION = YES;
				GCC_WARN_UNUSED_VARIABLE = YES;
				ONLY_ACTIVE_ARCH = YES;
				SDKROOT = iphoneos;
				SKIP_INSTALL = NO;
			};
			name = Debug;
		};
		C01FCF5008A954540054247B /* Release */ = {
			isa = XCBuildConfiguration;
			baseConfigurationReference = 3047A5111AB8059700498E2A /* build.xcconfig */;
			buildSettings = {
				CLANG_ENABLE_MODULES = YES;
				CLANG_ENABLE_OBJC_ARC = YES;
				CLANG_WARN_BOOL_CONVERSION = YES;
				CLANG_WARN_CONSTANT_CONVERSION = YES;
				CLANG_WARN_EMPTY_BODY = YES;
				CLANG_WARN_ENUM_CONVERSION = YES;
				CLANG_WARN_INT_CONVERSION = YES;
				CLANG_WARN__DUPLICATE_METHOD_MATCH = YES;
				GCC_C_LANGUAGE_STANDARD = c99;
				GCC_THUMB_SUPPORT = NO;
				GCC_VERSION = "";
				GCC_WARN_ABOUT_RETURN_TYPE = YES;
				GCC_WARN_UNDECLARED_SELECTOR = YES;
				GCC_WARN_UNINITIALIZED_AUTOS = YES;
				GCC_WARN_UNUSED_FUNCTION = YES;
				GCC_WARN_UNUSED_VARIABLE = YES;
				SDKROOT = iphoneos;
				SKIP_INSTALL = NO;
			};
			name = Release;
		};
/* End XCBuildConfiguration section */

/* Begin XCConfigurationList section */
		1D6058960D05DD3E006BFB54 /* Build configuration list for PBXNativeTarget "commikodigitalpromosliege" */ = {
			isa = XCConfigurationList;
			buildConfigurations = (
				1D6058940D05DD3E006BFB54 /* Debug */,
				1D6058950D05DD3E006BFB54 /* Release */,
			);
			defaultConfigurationIsVisible = 0;
			defaultConfigurationName = Release;
		};
		C01FCF4E08A954540054247B /* Build configuration list for PBXProject "__NON-CLI__" */ = {
			isa = XCConfigurationList;
			buildConfigurations = (
				C01FCF4F08A954540054247B /* Debug */,
				C01FCF5008A954540054247B /* Release */,
			);
			defaultConfigurationIsVisible = 0;
			defaultConfigurationName = Release;
		};
/* End XCConfigurationList section */
	};
	rootObject = 29B97313FDCFA39411CA2CEA /* Project object */;
}
